// !$*UTF8*$!
{
	archiveVersion = 1;
	classes = {
	};
	objectVersion = 50;
	objects = {

/* Begin PBXBuildFile section */
		4165D51F247229E500F7AC40 /* AppDelegate.swift in Sources */ = {isa = PBXBuildFile; fileRef = 4165D51E247229E500F7AC40 /* AppDelegate.swift */; };
		4165D521247229E500F7AC40 /* SceneDelegate.swift in Sources */ = {isa = PBXBuildFile; fileRef = 4165D520247229E500F7AC40 /* SceneDelegate.swift */; };
		4165D523247229E500F7AC40 /* ContentView.swift in Sources */ = {isa = PBXBuildFile; fileRef = 4165D522247229E500F7AC40 /* ContentView.swift */; };
		4165D525247229E800F7AC40 /* Assets.xcassets in Resources */ = {isa = PBXBuildFile; fileRef = 4165D524247229E800F7AC40 /* Assets.xcassets */; };
		4165D528247229E800F7AC40 /* Preview Assets.xcassets in Resources */ = {isa = PBXBuildFile; fileRef = 4165D527247229E800F7AC40 /* Preview Assets.xcassets */; };
		4165D52B247229E800F7AC40 /* LaunchScreen.storyboard in Resources */ = {isa = PBXBuildFile; fileRef = 4165D529247229E800F7AC40 /* LaunchScreen.storyboard */; };
		4165D53324722E6200F7AC40 /* CircleImage.swift in Sources */ = {isa = PBXBuildFile; fileRef = 4165D53224722E6200F7AC40 /* CircleImage.swift */; };
		4165D5352472319100F7AC40 /* MapView.swift in Sources */ = {isa = PBXBuildFile; fileRef = 4165D5342472319100F7AC40 /* MapView.swift */; };
		4165D54A2474B65C00F7AC40 /* turtlerock.jpg in Resources */ = {isa = PBXBuildFile; fileRef = 4165D53D2474B65B00F7AC40 /* turtlerock.jpg */; };
		4165D54B2474B65C00F7AC40 /* silversalmoncreek.jpg in Resources */ = {isa = PBXBuildFile; fileRef = 4165D53E2474B65B00F7AC40 /* silversalmoncreek.jpg */; };
		4165D54C2474B65C00F7AC40 /* icybay.jpg in Resources */ = {isa = PBXBuildFile; fileRef = 4165D53F2474B65B00F7AC40 /* icybay.jpg */; };
		4165D54D2474B65C00F7AC40 /* lakemcdonald.jpg in Resources */ = {isa = PBXBuildFile; fileRef = 4165D5402474B65B00F7AC40 /* lakemcdonald.jpg */; };
		4165D54E2474B65C00F7AC40 /* hiddenlake.jpg in Resources */ = {isa = PBXBuildFile; fileRef = 4165D5412474B65B00F7AC40 /* hiddenlake.jpg */; };
		4165D54F2474B65C00F7AC40 /* twinlake.jpg in Resources */ = {isa = PBXBuildFile; fileRef = 4165D5422474B65C00F7AC40 /* twinlake.jpg */; };
		4165D5502474B65C00F7AC40 /* umbagog.jpg in Resources */ = {isa = PBXBuildFile; fileRef = 4165D5432474B65C00F7AC40 /* umbagog.jpg */; };
		4165D5512474B65C00F7AC40 /* landmarkData.json in Resources */ = {isa = PBXBuildFile; fileRef = 4165D5442474B65C00F7AC40 /* landmarkData.json */; };
		4165D5522474B65C00F7AC40 /* chincoteague.jpg in Resources */ = {isa = PBXBuildFile; fileRef = 4165D5452474B65C00F7AC40 /* chincoteague.jpg */; };
		4165D5532474B65C00F7AC40 /* yukon_charleyrivers.jpg in Resources */ = {isa = PBXBuildFile; fileRef = 4165D5462474B65C00F7AC40 /* yukon_charleyrivers.jpg */; };
		4165D5542474B65C00F7AC40 /* stmarylake.jpg in Resources */ = {isa = PBXBuildFile; fileRef = 4165D5472474B65C00F7AC40 /* stmarylake.jpg */; };
		4165D5552474B65C00F7AC40 /* chilkoottrail.jpg in Resources */ = {isa = PBXBuildFile; fileRef = 4165D5482474B65C00F7AC40 /* chilkoottrail.jpg */; };
		4165D5562474B65C00F7AC40 /* rainbowlake.jpg in Resources */ = {isa = PBXBuildFile; fileRef = 4165D5492474B65C00F7AC40 /* rainbowlake.jpg */; };
		4165D5592474B67B00F7AC40 /* Data.swift in Sources */ = {isa = PBXBuildFile; fileRef = 4165D5572474B67A00F7AC40 /* Data.swift */; };
		4165D55A2474B67B00F7AC40 /* Landmark.swift in Sources */ = {isa = PBXBuildFile; fileRef = 4165D5582474B67A00F7AC40 /* Landmark.swift */; };
		4165D55C2474B69500F7AC40 /* LandmarkDetail.swift in Sources */ = {isa = PBXBuildFile; fileRef = 4165D55B2474B69500F7AC40 /* LandmarkDetail.swift */; };
		4165D55E2479ED5300F7AC40 /* LandmarkRow.swift in Sources */ = {isa = PBXBuildFile; fileRef = 4165D55D2479ED5300F7AC40 /* LandmarkRow.swift */; };
/* End PBXBuildFile section */

/* Begin PBXFileReference section */
		4165D51B247229E500F7AC40 /* landmark.app */ = {isa = PBXFileReference; explicitFileType = wrapper.application; includeInIndex = 0; path = landmark.app; sourceTree = BUILT_PRODUCTS_DIR; };
		4165D51E247229E500F7AC40 /* AppDelegate.swift */ = {isa = PBXFileReference; lastKnownFileType = sourcecode.swift; path = AppDelegate.swift; sourceTree = "<group>"; };
		4165D520247229E500F7AC40 /* SceneDelegate.swift */ = {isa = PBXFileReference; lastKnownFileType = sourcecode.swift; path = SceneDelegate.swift; sourceTree = "<group>"; };
		4165D522247229E500F7AC40 /* ContentView.swift */ = {isa = PBXFileReference; lastKnownFileType = sourcecode.swift; path = ContentView.swift; sourceTree = "<group>"; };
		4165D524247229E800F7AC40 /* Assets.xcassets */ = {isa = PBXFileReference; lastKnownFileType = folder.assetcatalog; path = Assets.xcassets; sourceTree = "<group>"; };
		4165D527247229E800F7AC40 /* Preview Assets.xcassets */ = {isa = PBXFileReference; lastKnownFileType = folder.assetcatalog; path = "Preview Assets.xcassets"; sourceTree = "<group>"; };
		4165D52A247229E800F7AC40 /* Base */ = {isa = PBXFileReference; lastKnownFileType = file.storyboard; name = Base; path = Base.lproj/LaunchScreen.storyboard; sourceTree = "<group>"; };
		4165D52C247229E800F7AC40 /* Info.plist */ = {isa = PBXFileReference; lastKnownFileType = text.plist.xml; path = Info.plist; sourceTree = "<group>"; };
		4165D53224722E6200F7AC40 /* CircleImage.swift */ = {isa = PBXFileReference; lastKnownFileType = sourcecode.swift; path = CircleImage.swift; sourceTree = "<group>"; };
		4165D5342472319100F7AC40 /* MapView.swift */ = {isa = PBXFileReference; lastKnownFileType = sourcecode.swift; path = MapView.swift; sourceTree = "<group>"; };
		4165D53D2474B65B00F7AC40 /* turtlerock.jpg */ = {isa = PBXFileReference; lastKnownFileType = image.jpeg; path = turtlerock.jpg; sourceTree = "<group>"; };
		4165D53E2474B65B00F7AC40 /* silversalmoncreek.jpg */ = {isa = PBXFileReference; lastKnownFileType = image.jpeg; path = silversalmoncreek.jpg; sourceTree = "<group>"; };
		4165D53F2474B65B00F7AC40 /* icybay.jpg */ = {isa = PBXFileReference; lastKnownFileType = image.jpeg; path = icybay.jpg; sourceTree = "<group>"; };
		4165D5402474B65B00F7AC40 /* lakemcdonald.jpg */ = {isa = PBXFileReference; lastKnownFileType = image.jpeg; path = lakemcdonald.jpg; sourceTree = "<group>"; };
		4165D5412474B65B00F7AC40 /* hiddenlake.jpg */ = {isa = PBXFileReference; lastKnownFileType = image.jpeg; path = hiddenlake.jpg; sourceTree = "<group>"; };
		4165D5422474B65C00F7AC40 /* twinlake.jpg */ = {isa = PBXFileReference; lastKnownFileType = image.jpeg; path = twinlake.jpg; sourceTree = "<group>"; };
		4165D5432474B65C00F7AC40 /* umbagog.jpg */ = {isa = PBXFileReference; lastKnownFileType = image.jpeg; path = umbagog.jpg; sourceTree = "<group>"; };
		4165D5442474B65C00F7AC40 /* landmarkData.json */ = {isa = PBXFileReference; fileEncoding = 4; lastKnownFileType = text.json; path = landmarkData.json; sourceTree = "<group>"; };
		4165D5452474B65C00F7AC40 /* chincoteague.jpg */ = {isa = PBXFileReference; lastKnownFileType = image.jpeg; path = chincoteague.jpg; sourceTree = "<group>"; };
		4165D5462474B65C00F7AC40 /* yukon_charleyrivers.jpg */ = {isa = PBXFileReference; lastKnownFileType = image.jpeg; path = yukon_charleyrivers.jpg; sourceTree = "<group>"; };
		4165D5472474B65C00F7AC40 /* stmarylake.jpg */ = {isa = PBXFileReference; lastKnownFileType = image.jpeg; path = stmarylake.jpg; sourceTree = "<group>"; };
		4165D5482474B65C00F7AC40 /* chilkoottrail.jpg */ = {isa = PBXFileReference; lastKnownFileType = image.jpeg; path = chilkoottrail.jpg; sourceTree = "<group>"; };
		4165D5492474B65C00F7AC40 /* rainbowlake.jpg */ = {isa = PBXFileReference; lastKnownFileType = image.jpeg; path = rainbowlake.jpg; sourceTree = "<group>"; };
		4165D5572474B67A00F7AC40 /* Data.swift */ = {isa = PBXFileReference; fileEncoding = 4; lastKnownFileType = sourcecode.swift; path = Data.swift; sourceTree = "<group>"; };
		4165D5582474B67A00F7AC40 /* Landmark.swift */ = {isa = PBXFileReference; fileEncoding = 4; lastKnownFileType = sourcecode.swift; path = Landmark.swift; sourceTree = "<group>"; };
		4165D55B2474B69500F7AC40 /* LandmarkDetail.swift */ = {isa = PBXFileReference; fileEncoding = 4; lastKnownFileType = sourcecode.swift; path = LandmarkDetail.swift; sourceTree = "<group>"; };
		4165D55D2479ED5300F7AC40 /* LandmarkRow.swift */ = {isa = PBXFileReference; lastKnownFileType = sourcecode.swift; path = LandmarkRow.swift; sourceTree = "<group>"; };
/* End PBXFileReference section */

/* Begin PBXFrameworksBuildPhase section */
		4165D518247229E500F7AC40 /* Frameworks */ = {
			isa = PBXFrameworksBuildPhase;
			buildActionMask = 2147483647;
			files = (
			);
			runOnlyForDeploymentPostprocessing = 0;
		};
/* End PBXFrameworksBuildPhase section */

/* Begin PBXGroup section */
		4165D512247229E500F7AC40 = {
			isa = PBXGroup;
			children = (
				4165D51D247229E500F7AC40 /* landmark */,
				4165D51C247229E500F7AC40 /* Products */,
			);
			sourceTree = "<group>";
		};
		4165D51C247229E500F7AC40 /* Products */ = {
			isa = PBXGroup;
			children = (
				4165D51B247229E500F7AC40 /* landmark.app */,
			);
			name = Products;
			sourceTree = "<group>";
		};
		4165D51D247229E500F7AC40 /* landmark */ = {
			isa = PBXGroup;
			children = (
				4165D51E247229E500F7AC40 /* AppDelegate.swift */,
				4165D520247229E500F7AC40 /* SceneDelegate.swift */,
				4165D522247229E500F7AC40 /* ContentView.swift */,
				4165D524247229E800F7AC40 /* Assets.xcassets */,
				4165D529247229E800F7AC40 /* LaunchScreen.storyboard */,
				4165D53C2474B65B00F7AC40 /* Resources */,
				4165D52C247229E800F7AC40 /* Info.plist */,
				4165D526247229E800F7AC40 /* Preview Content */,
				4165D53224722E6200F7AC40 /* CircleImage.swift */,
				4165D5342472319100F7AC40 /* MapView.swift */,
				4165D5572474B67A00F7AC40 /* Data.swift */,
				4165D55B2474B69500F7AC40 /* LandmarkDetail.swift */,
				4165D5582474B67A00F7AC40 /* Landmark.swift */,
				4165D55D2479ED5300F7AC40 /* LandmarkRow.swift */,
			);
			path = landmark;
			sourceTree = "<group>";
		};
		4165D526247229E800F7AC40 /* Preview Content */ = {
			isa = PBXGroup;
			children = (
				4165D527247229E800F7AC40 /* Preview Assets.xcassets */,
			);
			path = "Preview Content";
			sourceTree = "<group>";
		};
		4165D53C2474B65B00F7AC40 /* Resources */ = {
			isa = PBXGroup;
			children = (
				4165D53D2474B65B00F7AC40 /* turtlerock.jpg */,
				4165D53E2474B65B00F7AC40 /* silversalmoncreek.jpg */,
				4165D53F2474B65B00F7AC40 /* icybay.jpg */,
				4165D5402474B65B00F7AC40 /* lakemcdonald.jpg */,
				4165D5412474B65B00F7AC40 /* hiddenlake.jpg */,
				4165D5422474B65C00F7AC40 /* twinlake.jpg */,
				4165D5432474B65C00F7AC40 /* umbagog.jpg */,
				4165D5442474B65C00F7AC40 /* landmarkData.json */,
				4165D5452474B65C00F7AC40 /* chincoteague.jpg */,
				4165D5462474B65C00F7AC40 /* yukon_charleyrivers.jpg */,
				4165D5472474B65C00F7AC40 /* stmarylake.jpg */,
				4165D5482474B65C00F7AC40 /* chilkoottrail.jpg */,
				4165D5492474B65C00F7AC40 /* rainbowlake.jpg */,
			);
			path = Resources;
			sourceTree = "<group>";
		};
/* End PBXGroup section */

/* Begin PBXNativeTarget section */
		4165D51A247229E500F7AC40 /* landmark */ = {
			isa = PBXNativeTarget;
			buildConfigurationList = 4165D52F247229E800F7AC40 /* Build configuration list for PBXNativeTarget "landmark" */;
			buildPhases = (
				4165D517247229E500F7AC40 /* Sources */,
				4165D518247229E500F7AC40 /* Frameworks */,
				4165D519247229E500F7AC40 /* Resources */,
			);
			buildRules = (
			);
			dependencies = (
			);
			name = landmark;
			productName = landmark;
			productReference = 4165D51B247229E500F7AC40 /* landmark.app */;
			productType = "com.apple.product-type.application";
		};
/* End PBXNativeTarget section */

/* Begin PBXProject section */
		4165D513247229E500F7AC40 /* Project object */ = {
			isa = PBXProject;
			attributes = {
				LastSwiftUpdateCheck = 1140;
				LastUpgradeCheck = 1140;
				ORGANIZATIONNAME = "Umer Shehzad Akhtar";
				TargetAttributes = {
					4165D51A247229E500F7AC40 = {
						CreatedOnToolsVersion = 11.4.1;
					};
				};
			};
			buildConfigurationList = 4165D516247229E500F7AC40 /* Build configuration list for PBXProject "landmark" */;
			compatibilityVersion = "Xcode 9.3";
			developmentRegion = en;
			hasScannedForEncodings = 0;
			knownRegions = (
				en,
				Base,
			);
			mainGroup = 4165D512247229E500F7AC40;
			productRefGroup = 4165D51C247229E500F7AC40 /* Products */;
			projectDirPath = "";
			projectRoot = "";
			targets = (
				4165D51A247229E500F7AC40 /* landmark */,
			);
		};
/* End PBXProject section */

/* Begin PBXResourcesBuildPhase section */
		4165D519247229E500F7AC40 /* Resources */ = {
			isa = PBXResourcesBuildPhase;
			buildActionMask = 2147483647;
			files = (
				4165D54D2474B65C00F7AC40 /* lakemcdonald.jpg in Resources */,
				4165D54B2474B65C00F7AC40 /* silversalmoncreek.jpg in Resources */,
				4165D5512474B65C00F7AC40 /* landmarkData.json in Resources */,
				4165D54A2474B65C00F7AC40 /* turtlerock.jpg in Resources */,
				4165D52B247229E800F7AC40 /* LaunchScreen.storyboard in Resources */,
				4165D5502474B65C00F7AC40 /* umbagog.jpg in Resources */,
				4165D5542474B65C00F7AC40 /* stmarylake.jpg in Resources */,
				4165D5522474B65C00F7AC40 /* chincoteague.jpg in Resources */,
				4165D528247229E800F7AC40 /* Preview Assets.xcassets in Resources */,
				4165D54C2474B65C00F7AC40 /* icybay.jpg in Resources */,
				4165D54F2474B65C00F7AC40 /* twinlake.jpg in Resources */,
				4165D54E2474B65C00F7AC40 /* hiddenlake.jpg in Resources */,
				4165D525247229E800F7AC40 /* Assets.xcassets in Resources */,
				4165D5562474B65C00F7AC40 /* rainbowlake.jpg in Resources */,
				4165D5552474B65C00F7AC40 /* chilkoottrail.jpg in Resources */,
				4165D5532474B65C00F7AC40 /* yukon_charleyrivers.jpg in Resources */,
			);
			runOnlyForDeploymentPostprocessing = 0;
		};
/* End PBXResourcesBuildPhase section */

/* Begin PBXSourcesBuildPhase section */
		4165D517247229E500F7AC40 /* Sources */ = {
			isa = PBXSourcesBuildPhase;
			buildActionMask = 2147483647;
			files = (
				4165D55A2474B67B00F7AC40 /* Landmark.swift in Sources */,
				4165D51F247229E500F7AC40 /* AppDelegate.swift in Sources */,
				4165D5592474B67B00F7AC40 /* Data.swift in Sources */,
				4165D53324722E6200F7AC40 /* CircleImage.swift in Sources */,
				4165D55C2474B69500F7AC40 /* LandmarkDetail.swift in Sources */,
				4165D5352472319100F7AC40 /* MapView.swift in Sources */,
				4165D521247229E500F7AC40 /* SceneDelegate.swift in Sources */,
				4165D523247229E500F7AC40 /* ContentView.swift in Sources */,
				4165D55E2479ED5300F7AC40 /* LandmarkRow.swift in Sources */,
			);
			runOnlyForDeploymentPostprocessing = 0;
		};
/* End PBXSourcesBuildPhase section */

/* Begin PBXVariantGroup section */
		4165D529247229E800F7AC40 /* LaunchScreen.storyboard */ = {
			isa = PBXVariantGroup;
			children = (
				4165D52A247229E800F7AC40 /* Base */,
			);
			name = LaunchScreen.storyboard;
			sourceTree = "<group>";
		};
/* End PBXVariantGroup section */

/* Begin XCBuildConfiguration section */
		4165D52D247229E800F7AC40 /* Debug */ = {
			isa = XCBuildConfiguration;
			buildSettings = {
				ALWAYS_SEARCH_USER_PATHS = NO;
				CLANG_ANALYZER_NONNULL = YES;
				CLANG_ANALYZER_NUMBER_OBJECT_CONVERSION = YES_AGGRESSIVE;
				CLANG_CXX_LANGUAGE_STANDARD = "gnu++14";
				CLANG_CXX_LIBRARY = "libc++";
				CLANG_ENABLE_MODULES = YES;
				CLANG_ENABLE_OBJC_ARC = YES;
				CLANG_ENABLE_OBJC_WEAK = YES;
				CLANG_WARN_BLOCK_CAPTURE_AUTORELEASING = YES;
				CLANG_WARN_BOOL_CONVERSION = YES;
				CLANG_WARN_COMMA = YES;
				CLANG_WARN_CONSTANT_CONVERSION = YES;
				CLANG_WARN_DEPRECATED_OBJC_IMPLEMENTATIONS = YES;
				CLANG_WARN_DIRECT_OBJC_ISA_USAGE = YES_ERROR;
				CLANG_WARN_DOCUMENTATION_COMMENTS = YES;
				CLANG_WARN_EMPTY_BODY = YES;
				CLANG_WARN_ENUM_CONVERSION = YES;
				CLANG_WARN_INFINITE_RECURSION = YES;
				CLANG_WARN_INT_CONVERSION = YES;
				CLANG_WARN_NON_LITERAL_NULL_CONVERSION = YES;
				CLANG_WARN_OBJC_IMPLICIT_RETAIN_SELF = YES;
				CLANG_WARN_OBJC_LITERAL_CONVERSION = YES;
				CLANG_WARN_OBJC_ROOT_CLASS = YES_ERROR;
				CLANG_WARN_RANGE_LOOP_ANALYSIS = YES;
				CLANG_WARN_STRICT_PROTOTYPES = YES;
				CLANG_WARN_SUSPICIOUS_MOVE = YES;
				CLANG_WARN_UNGUARDED_AVAILABILITY = YES_AGGRESSIVE;
				CLANG_WARN_UNREACHABLE_CODE = YES;
				CLANG_WARN__DUPLICATE_METHOD_MATCH = YES;
				COPY_PHASE_STRIP = NO;
				DEBUG_INFORMATION_FORMAT = dwarf;
				ENABLE_STRICT_OBJC_MSGSEND = YES;
				ENABLE_TESTABILITY = YES;
				GCC_C_LANGUAGE_STANDARD = gnu11;
				GCC_DYNAMIC_NO_PIC = NO;
				GCC_NO_COMMON_BLOCKS = YES;
				GCC_OPTIMIZATION_LEVEL = 0;
				GCC_PREPROCESSOR_DEFINITIONS = (
					"DEBUG=1",
					"$(inherited)",
				);
				GCC_WARN_64_TO_32_BIT_CONVERSION = YES;
				GCC_WARN_ABOUT_RETURN_TYPE = YES_ERROR;
				GCC_WARN_UNDECLARED_SELECTOR = YES;
				GCC_WARN_UNINITIALIZED_AUTOS = YES_AGGRESSIVE;
				GCC_WARN_UNUSED_FUNCTION = YES;
				GCC_WARN_UNUSED_VARIABLE = YES;
				IPHONEOS_DEPLOYMENT_TARGET = 13.4;
				MTL_ENABLE_DEBUG_INFO = INCLUDE_SOURCE;
				MTL_FAST_MATH = YES;
				ONLY_ACTIVE_ARCH = YES;
				SDKROOT = iphoneos;
				SWIFT_ACTIVE_COMPILATION_CONDITIONS = DEBUG;
				SWIFT_OPTIMIZATION_LEVEL = "-Onone";
			};
			name = Debug;
		};
		4165D52E247229E800F7AC40 /* Release */ = {
			isa = XCBuildConfiguration;
			buildSettings = {
				ALWAYS_SEARCH_USER_PATHS = NO;
				CLANG_ANALYZER_NONNULL = YES;
				CLANG_ANALYZER_NUMBER_OBJECT_CONVERSION = YES_AGGRESSIVE;
				CLANG_CXX_LANGUAGE_STANDARD = "gnu++14";
				CLANG_CXX_LIBRARY = "libc++";
				CLANG_ENABLE_MODULES = YES;
				CLANG_ENABLE_OBJC_ARC = YES;
				CLANG_ENABLE_OBJC_WEAK = YES;
				CLANG_WARN_BLOCK_CAPTURE_AUTORELEASING = YES;
				CLANG_WARN_BOOL_CONVERSION = YES;
				CLANG_WARN_COMMA = YES;
				CLANG_WARN_CONSTANT_CONVERSION = YES;
				CLANG_WARN_DEPRECATED_OBJC_IMPLEMENTATIONS = YES;
				CLANG_WARN_DIRECT_OBJC_ISA_USAGE = YES_ERROR;
				CLANG_WARN_DOCUMENTATION_COMMENTS = YES;
				CLANG_WARN_EMPTY_BODY = YES;
				CLANG_WARN_ENUM_CONVERSION = YES;
				CLANG_WARN_INFINITE_RECURSION = YES;
				CLANG_WARN_INT_CONVERSION = YES;
				CLANG_WARN_NON_LITERAL_NULL_CONVERSION = YES;
				CLANG_WARN_OBJC_IMPLICIT_RETAIN_SELF = YES;
				CLANG_WARN_OBJC_LITERAL_CONVERSION = YES;
				CLANG_WARN_OBJC_ROOT_CLASS = YES_ERROR;
				CLANG_WARN_RANGE_LOOP_ANALYSIS = YES;
				CLANG_WARN_STRICT_PROTOTYPES = YES;
				CLANG_WARN_SUSPICIOUS_MOVE = YES;
				CLANG_WARN_UNGUARDED_AVAILABILITY = YES_AGGRESSIVE;
				CLANG_WARN_UNREACHABLE_CODE = YES;
				CLANG_WARN__DUPLICATE_METHOD_MATCH = YES;
				COPY_PHASE_STRIP = NO;
				DEBUG_INFORMATION_FORMAT = "dwarf-with-dsym";
				ENABLE_NS_ASSERTIONS = NO;
				ENABLE_STRICT_OBJC_MSGSEND = YES;
				GCC_C_LANGUAGE_STANDARD = gnu11;
				GCC_NO_COMMON_BLOCKS = YES;
				GCC_WARN_64_TO_32_BIT_CONVERSION = YES;
				GCC_WARN_ABOUT_RETURN_TYPE = YES_ERROR;
				GCC_WARN_UNDECLARED_SELECTOR = YES;
				GCC_WARN_UNINITIALIZED_AUTOS = YES_AGGRESSIVE;
				GCC_WARN_UNUSED_FUNCTION = YES;
				GCC_WARN_UNUSED_VARIABLE = YES;
				IPHONEOS_DEPLOYMENT_TARGET = 13.4;
				MTL_ENABLE_DEBUG_INFO = NO;
				MTL_FAST_MATH = YES;
				SDKROOT = iphoneos;
				SWIFT_COMPILATION_MODE = wholemodule;
				SWIFT_OPTIMIZATION_LEVEL = "-O";
				VALIDATE_PRODUCT = YES;
			};
			name = Release;
		};
		4165D530247229E800F7AC40 /* Debug */ = {
			isa = XCBuildConfiguration;
			buildSettings = {
				ASSETCATALOG_COMPILER_APPICON_NAME = AppIcon;
				CODE_SIGN_STYLE = Automatic;
				DEVELOPMENT_ASSET_PATHS = "\"landmark/Preview Content\"";
				DEVELOPMENT_TEAM = K27VL4Z8YQ;
				ENABLE_PREVIEWS = YES;
				INFOPLIST_FILE = landmark/Info.plist;
				LD_RUNPATH_SEARCH_PATHS = (
					"$(inherited)",
					"@executable_path/Frameworks",
				);
				PRODUCT_BUNDLE_IDENTIFIER = com.umer.landmark;
				PRODUCT_NAME = "$(TARGET_NAME)";
				SWIFT_VERSION = 5.0;
				TARGETED_DEVICE_FAMILY = "1,2";
			};
			name = Debug;
		};
		4165D531247229E800F7AC40 /* Release */ = {
			isa = XCBuildConfiguration;
			buildSettings = {
				ASSETCATALOG_COMPILER_APPICON_NAME = AppIcon;
				CODE_SIGN_STYLE = Automatic;
				DEVELOPMENT_ASSET_PATHS = "\"landmark/Preview Content\"";
				DEVELOPMENT_TEAM = K27VL4Z8YQ;
				ENABLE_PREVIEWS = YES;
				INFOPLIST_FILE = landmark/Info.plist;
				LD_RUNPATH_SEARCH_PATHS = (
					"$(inherited)",
					"@executable_path/Frameworks",
				);
				PRODUCT_BUNDLE_IDENTIFIER = com.umer.landmark;
				PRODUCT_NAME = "$(TARGET_NAME)";
				SWIFT_VERSION = 5.0;
				TARGETED_DEVICE_FAMILY = "1,2";
			};
			name = Release;
		};
/* End XCBuildConfiguration section */

/* Begin XCConfigurationList section */
		4165D516247229E500F7AC40 /* Build configuration list for PBXProject "landmark" */ = {
			isa = XCConfigurationList;
			buildConfigurations = (
				4165D52D247229E800F7AC40 /* Debug */,
				4165D52E247229E800F7AC40 /* Release */,
			);
			defaultConfigurationIsVisible = 0;
			defaultConfigurationName = Release;
		};
		4165D52F247229E800F7AC40 /* Build configuration list for PBXNativeTarget "landmark" */ = {
			isa = XCConfigurationList;
			buildConfigurations = (
				4165D530247229E800F7AC40 /* Debug */,
				4165D531247229E800F7AC40 /* Release */,
			);
			defaultConfigurationIsVisible = 0;
			defaultConfigurationName = Release;
		};
/* End XCConfigurationList section */
	};
	rootObject = 4165D513247229E500F7AC40 /* Project object */;
}
